
Microsoft Visual Studio Solution File, Format Version 12.00
# Visual Studio Version 16
VisualStudioVersion = 16.0.31911.196
MinimumVisualStudioVersion = 10.0.40219.1
Project("{11A8DD76-328B-46DF-9F39-F559912D0360}") = "KitchenSink", "KitchenSink\KitchenSink.nfproj", "{DD869465-38E2-4E6A-B9F0-F872C638CF06}"
EndProject
Global
	GlobalSection(SolutionConfigurationPlatforms) = preSolution
		Debug|Any CPU = Debug|Any CPU
		Release|Any CPU = Release|Any CPU
	EndGlobalSection
	GlobalSection(ProjectConfigurationPlatforms) = postSolution
		{DD869465-38E2-4E6A-B9F0-F872C638CF06}.Debug|Any CPU.ActiveCfg = Debug|Any CPU
		{DD869465-38E2-4E6A-B9F0-F872C638CF06}.Debug|Any CPU.Build.0 = Debug|Any CPU
		{DD869465-38E2-4E6A-B9F0-F872C638CF06}.Debug|Any CPU.Deploy.0 = Debug|Any CPU
		{DD869465-38E2-4E6A-B9F0-F872C638CF06}.Release|Any CPU.ActiveCfg = Release|Any CPU
		{DD869465-38E2-4E6A-B9F0-F872C638CF06}.Release|Any CPU.Build.0 = Release|Any CPU
		{DD869465-38E2-4E6A-B9F0-F872C638CF06}.Release|Any CPU.Deploy.0 = Release|Any CPU
	EndGlobalSection
	GlobalSection(SolutionProperties) = preSolution
		HideSolutionNode = FALSE
	EndGlobalSection
	GlobalSection(ExtensibilityGlobals) = postSolution
		SolutionGuid = {5A81CFA0-A474-46BB-B883-B5C7B615B4C8}
	EndGlobalSection
EndGlobal
